
Microsoft Visual Studio Solution File, Format Version 12.00
# Visual Studio Version 17
VisualStudioVersion = 17.8.34525.116
MinimumVisualStudioVersion = 10.0.40219.1
Project("{FAE04EC0-301F-11D3-BF4B-00C04F79EFBC}") = "Zadanie10202", "Zadanie10202\Zadanie10202.csproj", "{C26ADA01-E0CF-4622-95D8-7988B92D7CB9}"
EndProject
Global
	GlobalSection(SolutionConfigurationPlatforms) = preSolution
		Debug|Any CPU = Debug|Any CPU
		Release|Any CPU = Release|Any CPU
	EndGlobalSection
	GlobalSection(ProjectConfigurationPlatforms) = postSolution
		{C26ADA01-E0CF-4622-95D8-7988B92D7CB9}.Debug|Any CPU.ActiveCfg = Debug|Any CPU
		{C26ADA01-E0CF-4622-95D8-7988B92D7CB9}.Debug|Any CPU.Build.0 = Debug|Any CPU
		{C26ADA01-E0CF-4622-95D8-7988B92D7CB9}.Release|Any CPU.ActiveCfg = Release|Any CPU
		{C26ADA01-E0CF-4622-95D8-7988B92D7CB9}.Release|Any CPU.Build.0 = Release|Any CPU
	EndGlobalSection
	GlobalSection(SolutionProperties) = preSolution
		HideSolutionNode = FALSE
	EndGlobalSection
	GlobalSection(ExtensibilityGlobals) = postSolution
		SolutionGuid = {9A3B5DA1-7CD0-4213-90E6-50EA7D96B015}
	EndGlobalSection
EndGlobal
